
Microsoft Visual Studio Solution File, Format Version 12.00
# Visual Studio Version 17
VisualStudioVersion = 17.4.33205.214
MinimumVisualStudioVersion = 10.0.40219.1
Project("{FAE04EC0-301F-11D3-BF4B-00C04F79EFBC}") = "API.FileProcessing", "API.FileProcessing\API.FileProcessing.csproj", "{AFA4AD7C-EBD3-4076-B110-E3AC8371C784}"
EndProject
Global
	GlobalSection(SolutionConfigurationPlatforms) = preSolution
		Debug|Any CPU = Debug|Any CPU
		Release|Any CPU = Release|Any CPU
	EndGlobalSection
	GlobalSection(ProjectConfigurationPlatforms) = postSolution
		{AFA4AD7C-EBD3-4076-B110-E3AC8371C784}.Debug|Any CPU.ActiveCfg = Debug|Any CPU
		{AFA4AD7C-EBD3-4076-B110-E3AC8371C784}.Debug|Any CPU.Build.0 = Debug|Any CPU
		{AFA4AD7C-EBD3-4076-B110-E3AC8371C784}.Release|Any CPU.ActiveCfg = Release|Any CPU
		{AFA4AD7C-EBD3-4076-B110-E3AC8371C784}.Release|Any CPU.Build.0 = Release|Any CPU
	EndGlobalSection
	GlobalSection(SolutionProperties) = preSolution
		HideSolutionNode = FALSE
	EndGlobalSection
	GlobalSection(ExtensibilityGlobals) = postSolution
		SolutionGuid = {278495FF-042B-4C16-BAC1-796CDCA80BF7}
	EndGlobalSection
EndGlobal
